
Microsoft Visual Studio Solution File, Format Version 12.00
# Visual Studio 15
VisualStudioVersion = 15.0.26730.8
MinimumVisualStudioVersion = 10.0.40219.1
Project("{9A19103F-16F7-4668-BE54-9A1E7A4F7556}") = "Castle.Facilities.ServiceFabricIntegration", "Castle.Facilities.ServiceFabricIntegration\Castle.Facilities.ServiceFabricIntegration.csproj", "{A6303CA7-8562-417E-ACAB-071D77F6DD42}"
EndProject
Project("{9A19103F-16F7-4668-BE54-9A1E7A4F7556}") = "Castle.Facilities.ServiceFabricIntegration.Actors", "Castle.Facilities.ServiceFabricIntegration.Actors\Castle.Facilities.ServiceFabricIntegration.Actors.csproj", "{4EFB20D0-DB91-4BC8-B140-EF8DD1404A53}"
EndProject
Project("{A07B5EB6-E848-4116-A8D0-A826331D98C6}") = "FabricTestApp", "FabricTestApp\FabricTestApp.sfproj", "{A7DA2C7A-3F99-49BF-9081-1E2908D29FD9}"
EndProject
Project("{9A19103F-16F7-4668-BE54-9A1E7A4F7556}") = "TestActor", "TestActor\TestActor.csproj", "{96415C0D-B614-4F14-B0A7-1A25B731C643}"
EndProject
Project("{9A19103F-16F7-4668-BE54-9A1E7A4F7556}") = "TestActor.Interfaces", "TestActor.Interfaces\TestActor.Interfaces.csproj", "{A3980806-DB86-4FD9-90C6-FEC0A4468CF7}"
EndProject
Project("{9A19103F-16F7-4668-BE54-9A1E7A4F7556}") = "TestStateless", "TestStateless\TestStateless.csproj", "{A1C27A0A-33F8-49B4-8C0A-A9805883C329}"
EndProject
Project("{9A19103F-16F7-4668-BE54-9A1E7A4F7556}") = "TestStateful", "TestStateful\TestStateful.csproj", "{CA4B208D-612D-4C08-AF33-5DC0B76F474F}"
EndProject
Project("{FAE04EC0-301F-11D3-BF4B-00C04F79EFBC}") = "Tests", "Tests\Tests.csproj", "{BE9B1EA8-DDC4-4DE2-B18E-F7B4170E04FD}"
EndProject
Global
	GlobalSection(SolutionConfigurationPlatforms) = preSolution
		Debug|Any CPU = Debug|Any CPU
		Debug|x64 = Debug|x64
		Release|Any CPU = Release|Any CPU
		Release|x64 = Release|x64
	EndGlobalSection
	GlobalSection(ProjectConfigurationPlatforms) = postSolution
		{A6303CA7-8562-417E-ACAB-071D77F6DD42}.Debug|Any CPU.ActiveCfg = Debug|Any CPU
		{A6303CA7-8562-417E-ACAB-071D77F6DD42}.Debug|Any CPU.Build.0 = Debug|Any CPU
		{A6303CA7-8562-417E-ACAB-071D77F6DD42}.Debug|x64.ActiveCfg = Debug|x64
		{A6303CA7-8562-417E-ACAB-071D77F6DD42}.Debug|x64.Build.0 = Debug|x64
		{A6303CA7-8562-417E-ACAB-071D77F6DD42}.Release|Any CPU.ActiveCfg = Release|Any CPU
		{A6303CA7-8562-417E-ACAB-071D77F6DD42}.Release|Any CPU.Build.0 = Release|Any CPU
		{A6303CA7-8562-417E-ACAB-071D77F6DD42}.Release|x64.ActiveCfg = Release|x64
		{A6303CA7-8562-417E-ACAB-071D77F6DD42}.Release|x64.Build.0 = Release|x64
		{4EFB20D0-DB91-4BC8-B140-EF8DD1404A53}.Debug|Any CPU.ActiveCfg = Debug|Any CPU
		{4EFB20D0-DB91-4BC8-B140-EF8DD1404A53}.Debug|Any CPU.Build.0 = Debug|Any CPU
		{4EFB20D0-DB91-4BC8-B140-EF8DD1404A53}.Debug|x64.ActiveCfg = Debug|x64
		{4EFB20D0-DB91-4BC8-B140-EF8DD1404A53}.Debug|x64.Build.0 = Debug|x64
		{4EFB20D0-DB91-4BC8-B140-EF8DD1404A53}.Release|Any CPU.ActiveCfg = Release|Any CPU
		{4EFB20D0-DB91-4BC8-B140-EF8DD1404A53}.Release|Any CPU.Build.0 = Release|Any CPU
		{4EFB20D0-DB91-4BC8-B140-EF8DD1404A53}.Release|x64.ActiveCfg = Release|x64
		{4EFB20D0-DB91-4BC8-B140-EF8DD1404A53}.Release|x64.Build.0 = Release|x64
		{A7DA2C7A-3F99-49BF-9081-1E2908D29FD9}.Debug|Any CPU.ActiveCfg = Debug|x64
		{A7DA2C7A-3F99-49BF-9081-1E2908D29FD9}.Debug|x64.ActiveCfg = Debug|x64
		{A7DA2C7A-3F99-49BF-9081-1E2908D29FD9}.Debug|x64.Build.0 = Debug|x64
		{A7DA2C7A-3F99-49BF-9081-1E2908D29FD9}.Debug|x64.Deploy.0 = Debug|x64
		{A7DA2C7A-3F99-49BF-9081-1E2908D29FD9}.Release|Any CPU.ActiveCfg = Release|x64
		{A7DA2C7A-3F99-49BF-9081-1E2908D29FD9}.Release|x64.ActiveCfg = Release|x64
		{A7DA2C7A-3F99-49BF-9081-1E2908D29FD9}.Release|x64.Build.0 = Release|x64
		{A7DA2C7A-3F99-49BF-9081-1E2908D29FD9}.Release|x64.Deploy.0 = Release|x64
		{96415C0D-B614-4F14-B0A7-1A25B731C643}.Debug|Any CPU.ActiveCfg = Debug|Any CPU
		{96415C0D-B614-4F14-B0A7-1A25B731C643}.Debug|Any CPU.Build.0 = Debug|Any CPU
		{96415C0D-B614-4F14-B0A7-1A25B731C643}.Debug|x64.ActiveCfg = Debug|x64
		{96415C0D-B614-4F14-B0A7-1A25B731C643}.Debug|x64.Build.0 = Debug|x64
		{96415C0D-B614-4F14-B0A7-1A25B731C643}.Release|Any CPU.ActiveCfg = Release|Any CPU
		{96415C0D-B614-4F14-B0A7-1A25B731C643}.Release|Any CPU.Build.0 = Release|Any CPU
		{96415C0D-B614-4F14-B0A7-1A25B731C643}.Release|x64.ActiveCfg = Release|x64
		{96415C0D-B614-4F14-B0A7-1A25B731C643}.Release|x64.Build.0 = Release|x64
		{A3980806-DB86-4FD9-90C6-FEC0A4468CF7}.Debug|Any CPU.ActiveCfg = Debug|Any CPU
		{A3980806-DB86-4FD9-90C6-FEC0A4468CF7}.Debug|Any CPU.Build.0 = Debug|Any CPU
		{A3980806-DB86-4FD9-90C6-FEC0A4468CF7}.Debug|x64.ActiveCfg = Debug|x64
		{A3980806-DB86-4FD9-90C6-FEC0A4468CF7}.Debug|x64.Build.0 = Debug|x64
		{A3980806-DB86-4FD9-90C6-FEC0A4468CF7}.Release|Any CPU.ActiveCfg = Release|Any CPU
		{A3980806-DB86-4FD9-90C6-FEC0A4468CF7}.Release|Any CPU.Build.0 = Release|Any CPU
		{A3980806-DB86-4FD9-90C6-FEC0A4468CF7}.Release|x64.ActiveCfg = Release|x64
		{A3980806-DB86-4FD9-90C6-FEC0A4468CF7}.Release|x64.Build.0 = Release|x64
		{A1C27A0A-33F8-49B4-8C0A-A9805883C329}.Debug|Any CPU.ActiveCfg = Debug|Any CPU
		{A1C27A0A-33F8-49B4-8C0A-A9805883C329}.Debug|Any CPU.Build.0 = Debug|Any CPU
		{A1C27A0A-33F8-49B4-8C0A-A9805883C329}.Debug|x64.ActiveCfg = Debug|x64
		{A1C27A0A-33F8-49B4-8C0A-A9805883C329}.Debug|x64.Build.0 = Debug|x64
		{A1C27A0A-33F8-49B4-8C0A-A9805883C329}.Release|Any CPU.ActiveCfg = Release|Any CPU
		{A1C27A0A-33F8-49B4-8C0A-A9805883C329}.Release|Any CPU.Build.0 = Release|Any CPU
		{A1C27A0A-33F8-49B4-8C0A-A9805883C329}.Release|x64.ActiveCfg = Release|x64
		{A1C27A0A-33F8-49B4-8C0A-A9805883C329}.Release|x64.Build.0 = Release|x64
		{CA4B208D-612D-4C08-AF33-5DC0B76F474F}.Debug|Any CPU.ActiveCfg = Debug|Any CPU
		{CA4B208D-612D-4C08-AF33-5DC0B76F474F}.Debug|Any CPU.Build.0 = Debug|Any CPU
		{CA4B208D-612D-4C08-AF33-5DC0B76F474F}.Debug|x64.ActiveCfg = Debug|x64
		{CA4B208D-612D-4C08-AF33-5DC0B76F474F}.Debug|x64.Build.0 = Debug|x64
		{CA4B208D-612D-4C08-AF33-5DC0B76F474F}.Release|Any CPU.ActiveCfg = Release|Any CPU
		{CA4B208D-612D-4C08-AF33-5DC0B76F474F}.Release|Any CPU.Build.0 = Release|Any CPU
		{CA4B208D-612D-4C08-AF33-5DC0B76F474F}.Release|x64.ActiveCfg = Release|x64
		{CA4B208D-612D-4C08-AF33-5DC0B76F474F}.Release|x64.Build.0 = Release|x64
		{BE9B1EA8-DDC4-4DE2-B18E-F7B4170E04FD}.Debug|Any CPU.ActiveCfg = Debug|Any CPU
		{BE9B1EA8-DDC4-4DE2-B18E-F7B4170E04FD}.Debug|Any CPU.Build.0 = Debug|Any CPU
		{BE9B1EA8-DDC4-4DE2-B18E-F7B4170E04FD}.Debug|x64.ActiveCfg = Debug|Any CPU
		{BE9B1EA8-DDC4-4DE2-B18E-F7B4170E04FD}.Debug|x64.Build.0 = Debug|Any CPU
		{BE9B1EA8-DDC4-4DE2-B18E-F7B4170E04FD}.Release|Any CPU.ActiveCfg = Release|Any CPU
		{BE9B1EA8-DDC4-4DE2-B18E-F7B4170E04FD}.Release|Any CPU.Build.0 = Release|Any CPU
		{BE9B1EA8-DDC4-4DE2-B18E-F7B4170E04FD}.Release|x64.ActiveCfg = Release|Any CPU
		{BE9B1EA8-DDC4-4DE2-B18E-F7B4170E04FD}.Release|x64.Build.0 = Release|Any CPU
	EndGlobalSection
	GlobalSection(SolutionProperties) = preSolution
		HideSolutionNode = FALSE
	EndGlobalSection
	GlobalSection(ExtensibilityGlobals) = postSolution
		SolutionGuid = {1B093A1A-A86B-4333-8F82-520ECC0122A9}
	EndGlobalSection
EndGlobal
